
Microsoft Visual Studio Solution File, Format Version 12.00
# Visual Studio Version 16
VisualStudioVersion = 16.0.29911.84
MinimumVisualStudioVersion = 10.0.40219.1
Project("{FAE04EC0-301F-11D3-BF4B-00C04F79EFBC}") = "PrzykładoweKolokwiumZAPBD(EF)", "PrzykładoweKolokwiumZAPBD(EF)\PrzykładoweKolokwiumZAPBD(EF).csproj", "{7B7AB925-0735-49DC-8DF3-2CEA0D35E043}"
EndProject
Global
	GlobalSection(SolutionConfigurationPlatforms) = preSolution
		Debug|Any CPU = Debug|Any CPU
		Release|Any CPU = Release|Any CPU
	EndGlobalSection
	GlobalSection(ProjectConfigurationPlatforms) = postSolution
		{7B7AB925-0735-49DC-8DF3-2CEA0D35E043}.Debug|Any CPU.ActiveCfg = Debug|Any CPU
		{7B7AB925-0735-49DC-8DF3-2CEA0D35E043}.Debug|Any CPU.Build.0 = Debug|Any CPU
		{7B7AB925-0735-49DC-8DF3-2CEA0D35E043}.Release|Any CPU.ActiveCfg = Release|Any CPU
		{7B7AB925-0735-49DC-8DF3-2CEA0D35E043}.Release|Any CPU.Build.0 = Release|Any CPU
	EndGlobalSection
	GlobalSection(SolutionProperties) = preSolution
		HideSolutionNode = FALSE
	EndGlobalSection
	GlobalSection(ExtensibilityGlobals) = postSolution
		SolutionGuid = {FD26141F-3C90-4475-BC13-F2B53E3A7381}
	EndGlobalSection
EndGlobal
